// !$*UTF8*$!
{
	archiveVersion = 1;
	classes = {
	};
	objectVersion = 50;
	objects = {

/* Begin PBXBuildFile section */
		B50FEEAF213DF1B6004798DE /* AppDelegate.swift in Sources */ = {isa = PBXBuildFile; fileRef = B50FEEAE213DF1B6004798DE /* AppDelegate.swift */; };
		B50FEEB1213DF1B6004798DE /* ViewController.swift in Sources */ = {isa = PBXBuildFile; fileRef = B50FEEB0213DF1B6004798DE /* ViewController.swift */; };
		B50FEEB4213DF1B6004798DE /* Main.storyboard in Resources */ = {isa = PBXBuildFile; fileRef = B50FEEB2213DF1B6004798DE /* Main.storyboard */; };
		B50FEEB7213DF1B6004798DE /* Convo.xcdatamodeld in Sources */ = {isa = PBXBuildFile; fileRef = B50FEEB5213DF1B6004798DE /* Convo.xcdatamodeld */; };
		B50FEEB9213DF1B8004798DE /* Assets.xcassets in Resources */ = {isa = PBXBuildFile; fileRef = B50FEEB8213DF1B8004798DE /* Assets.xcassets */; };
		B50FEEBC213DF1B8004798DE /* LaunchScreen.storyboard in Resources */ = {isa = PBXBuildFile; fileRef = B50FEEBA213DF1B8004798DE /* LaunchScreen.storyboard */; };
/* End PBXBuildFile section */

/* Begin PBXFileReference section */
		B50FEEAB213DF1B6004798DE /* Convo.app */ = {isa = PBXFileReference; explicitFileType = wrapper.application; includeInIndex = 0; path = Convo.app; sourceTree = BUILT_PRODUCTS_DIR; };
		B50FEEAE213DF1B6004798DE /* AppDelegate.swift */ = {isa = PBXFileReference; lastKnownFileType = sourcecode.swift; path = AppDelegate.swift; sourceTree = "<group>"; };
		B50FEEB0213DF1B6004798DE /* ViewController.swift */ = {isa = PBXFileReference; lastKnownFileType = sourcecode.swift; path = ViewController.swift; sourceTree = "<group>"; };
		B50FEEB3213DF1B6004798DE /* Base */ = {isa = PBXFileReference; lastKnownFileType = file.storyboard; name = Base; path = Base.lproj/Main.storyboard; sourceTree = "<group>"; };
		B50FEEB6213DF1B6004798DE /* Convo.xcdatamodel */ = {isa = PBXFileReference; lastKnownFileType = wrapper.xcdatamodel; path = Convo.xcdatamodel; sourceTree = "<group>"; };
		B50FEEB8213DF1B8004798DE /* Assets.xcassets */ = {isa = PBXFileReference; lastKnownFileType = folder.assetcatalog; path = Assets.xcassets; sourceTree = "<group>"; };
		B50FEEBB213DF1B8004798DE /* Base */ = {isa = PBXFileReference; lastKnownFileType = file.storyboard; name = Base; path = Base.lproj/LaunchScreen.storyboard; sourceTree = "<group>"; };
		B50FEEBD213DF1B8004798DE /* Info.plist */ = {isa = PBXFileReference; lastKnownFileType = text.plist.xml; path = Info.plist; sourceTree = "<group>"; };
/* End PBXFileReference section */

/* Begin PBXFrameworksBuildPhase section */
		B50FEEA8213DF1B6004798DE /* Frameworks */ = {
			isa = PBXFrameworksBuildPhase;
			buildActionMask = 2147483647;
			files = (
			);
			runOnlyForDeploymentPostprocessing = 0;
		};
/* End PBXFrameworksBuildPhase section */

/* Begin PBXGroup section */
		B50FEEA2213DF1B6004798DE = {
			isa = PBXGroup;
			children = (
				B50FEEAD213DF1B6004798DE /* Convo */,
				B50FEEAC213DF1B6004798DE /* Products */,
			);
			sourceTree = "<group>";
		};
		B50FEEAC213DF1B6004798DE /* Products */ = {
			isa = PBXGroup;
			children = (
				B50FEEAB213DF1B6004798DE /* Convo.app */,
			);
			name = Products;
			sourceTree = "<group>";
		};
		B50FEEAD213DF1B6004798DE /* Convo */ = {
			isa = PBXGroup;
			children = (
				B50FEEAE213DF1B6004798DE /* AppDelegate.swift */,
				B50FEEB0213DF1B6004798DE /* ViewController.swift */,
				B50FEEB2213DF1B6004798DE /* Main.storyboard */,
				B50FEEB8213DF1B8004798DE /* Assets.xcassets */,
				B50FEEBA213DF1B8004798DE /* LaunchScreen.storyboard */,
				B50FEEBD213DF1B8004798DE /* Info.plist */,
				B50FEEB5213DF1B6004798DE /* Convo.xcdatamodeld */,
			);
			path = Convo;
			sourceTree = "<group>";
		};
/* End PBXGroup section */

/* Begin PBXNativeTarget section */
		B50FEEAA213DF1B6004798DE /* Convo */ = {
			isa = PBXNativeTarget;
			buildConfigurationList = B50FEEC0213DF1B8004798DE /* Build configuration list for PBXNativeTarget "Convo" */;
			buildPhases = (
				B50FEEA7213DF1B6004798DE /* Sources */,
				B50FEEA8213DF1B6004798DE /* Frameworks */,
				B50FEEA9213DF1B6004798DE /* Resources */,
			);
			buildRules = (
			);
			dependencies = (
			);
			name = Convo;
			productName = Convo;
			productReference = B50FEEAB213DF1B6004798DE /* Convo.app */;
			productType = "com.apple.product-type.application";
		};
/* End PBXNativeTarget section */

/* Begin PBXProject section */
		B50FEEA3213DF1B6004798DE /* Project object */ = {
			isa = PBXProject;
			attributes = {
				LastSwiftUpdateCheck = 0940;
				LastUpgradeCheck = 0940;
				ORGANIZATIONNAME = "Emmanuel Ogbewe";
				TargetAttributes = {
					B50FEEAA213DF1B6004798DE = {
						CreatedOnToolsVersion = 9.4.1;
					};
				};
			};
			buildConfigurationList = B50FEEA6213DF1B6004798DE /* Build configuration list for PBXProject "Convo" */;
			compatibilityVersion = "Xcode 9.3";
			developmentRegion = en;
			hasScannedForEncodings = 0;
			knownRegions = (
				en,
				Base,
			);
			mainGroup = B50FEEA2213DF1B6004798DE;
			productRefGroup = B50FEEAC213DF1B6004798DE /* Products */;
			projectDirPath = "";
			projectRoot = "";
			targets = (
				B50FEEAA213DF1B6004798DE /* Convo */,
			);
		};
/* End PBXProject section */

/* Begin PBXResourcesBuildPhase section */
		B50FEEA9213DF1B6004798DE /* Resources */ = {
			isa = PBXResourcesBuildPhase;
			buildActionMask = 2147483647;
			files = (
				B50FEEBC213DF1B8004798DE /* LaunchScreen.storyboard in Resources */,
				B50FEEB9213DF1B8004798DE /* Assets.xcassets in Resources */,
				B50FEEB4213DF1B6004798DE /* Main.storyboard in Resources */,
			);
			runOnlyForDeploymentPostprocessing = 0;
		};
/* End PBXResourcesBuildPhase section */

/* Begin PBXSourcesBuildPhase section */
		B50FEEA7213DF1B6004798DE /* Sources */ = {
			isa = PBXSourcesBuildPhase;
			buildActionMask = 2147483647;
			files = (
				B50FEEB1213DF1B6004798DE /* ViewController.swift in Sources */,
				B50FEEB7213DF1B6004798DE /* Convo.xcdatamodeld in Sources */,
				B50FEEAF213DF1B6004798DE /* AppDelegate.swift in Sources */,
			);
			runOnlyForDeploymentPostprocessing = 0;
		};
/* End PBXSourcesBuildPhase section */

/* Begin PBXVariantGroup section */
		B50FEEB2213DF1B6004798DE /* Main.storyboard */ = {
			isa = PBXVariantGroup;
			children = (
				B50FEEB3213DF1B6004798DE /* Base */,
			);
			name = Main.storyboard;
			sourceTree = "<group>";
		};
		B50FEEBA213DF1B8004798DE /* LaunchScreen.storyboard */ = {
			isa = PBXVariantGroup;
			children = (
				B50FEEBB213DF1B8004798DE /* Base */,
			);
			name = LaunchScreen.storyboard;
			sourceTree = "<group>";
		};
/* End PBXVariantGroup section */

/* Begin XCBuildConfiguration section */
		B50FEEBE213DF1B8004798DE /* Debug */ = {
			isa = XCBuildConfiguration;
			buildSettings = {
				ALWAYS_SEARCH_USER_PATHS = NO;
				CLANG_ANALYZER_NONNULL = YES;
				CLANG_ANALYZER_NUMBER_OBJECT_CONVERSION = YES_AGGRESSIVE;
				CLANG_CXX_LANGUAGE_STANDARD = "gnu++14";
				CLANG_CXX_LIBRARY = "libc++";
				CLANG_ENABLE_MODULES = YES;
				CLANG_ENABLE_OBJC_ARC = YES;
				CLANG_ENABLE_OBJC_WEAK = YES;
				CLANG_WARN_BLOCK_CAPTURE_AUTORELEASING = YES;
				CLANG_WARN_BOOL_CONVERSION = YES;
				CLANG_WARN_COMMA = YES;
				CLANG_WARN_CONSTANT_CONVERSION = YES;
				CLANG_WARN_DEPRECATED_OBJC_IMPLEMENTATIONS = YES;
				CLANG_WARN_DIRECT_OBJC_ISA_USAGE = YES_ERROR;
				CLANG_WARN_DOCUMENTATION_COMMENTS = YES;
				CLANG_WARN_EMPTY_BODY = YES;
				CLANG_WARN_ENUM_CONVERSION = YES;
				CLANG_WARN_INFINITE_RECURSION = YES;
				CLANG_WARN_INT_CONVERSION = YES;
				CLANG_WARN_NON_LITERAL_NULL_CONVERSION = YES;
				CLANG_WARN_OBJC_IMPLICIT_RETAIN_SELF = YES;
				CLANG_WARN_OBJC_LITERAL_CONVERSION = YES;
				CLANG_WARN_OBJC_ROOT_CLASS = YES_ERROR;
				CLANG_WARN_RANGE_LOOP_ANALYSIS = YES;
				CLANG_WARN_STRICT_PROTOTYPES = YES;
				CLANG_WARN_SUSPICIOUS_MOVE = YES;
				CLANG_WARN_UNGUARDED_AVAILABILITY = YES_AGGRESSIVE;
				CLANG_WARN_UNREACHABLE_CODE = YES;
				CLANG_WARN__DUPLICATE_METHOD_MATCH = YES;
				CODE_SIGN_IDENTITY = "iPhone Developer";
				COPY_PHASE_STRIP = NO;
				DEBUG_INFORMATION_FORMAT = dwarf;
				ENABLE_STRICT_OBJC_MSGSEND = YES;
				ENABLE_TESTABILITY = YES;
				GCC_C_LANGUAGE_STANDARD = gnu11;
				GCC_DYNAMIC_NO_PIC = NO;
				GCC_NO_COMMON_BLOCKS = YES;
				GCC_OPTIMIZATION_LEVEL = 0;
				GCC_PREPROCESSOR_DEFINITIONS = (
					"DEBUG=1",
					"$(inherited)",
				);
				GCC_WARN_64_TO_32_BIT_CONVERSION = YES;
				GCC_WARN_ABOUT_RETURN_TYPE = YES_ERROR;
				GCC_WARN_UNDECLARED_SELECTOR = YES;
				GCC_WARN_UNINITIALIZED_AUTOS = YES_AGGRESSIVE;
				GCC_WARN_UNUSED_FUNCTION = YES;
				GCC_WARN_UNUSED_VARIABLE = YES;
				IPHONEOS_DEPLOYMENT_TARGET = 11.4;
				MTL_ENABLE_DEBUG_INFO = YES;
				ONLY_ACTIVE_ARCH = YES;
				SDKROOT = iphoneos;
				SWIFT_ACTIVE_COMPILATION_CONDITIONS = DEBUG;
				SWIFT_OPTIMIZATION_LEVEL = "-Onone";
			};
			name = Debug;
		};
		B50FEEBF213DF1B8004798DE /* Release */ = {
			isa = XCBuildConfiguration;
			buildSettings = {
				ALWAYS_SEARCH_USER_PATHS = NO;
				CLANG_ANALYZER_NONNULL = YES;
				CLANG_ANALYZER_NUMBER_OBJECT_CONVERSION = YES_AGGRESSIVE;
				CLANG_CXX_LANGUAGE_STANDARD = "gnu++14";
				CLANG_CXX_LIBRARY = "libc++";
				CLANG_ENABLE_MODULES = YES;
				CLANG_ENABLE_OBJC_ARC = YES;
				CLANG_ENABLE_OBJC_WEAK = YES;
				CLANG_WARN_BLOCK_CAPTURE_AUTORELEASING = YES;
				CLANG_WARN_BOOL_CONVERSION = YES;
				CLANG_WARN_COMMA = YES;
				CLANG_WARN_CONSTANT_CONVERSION = YES;
				CLANG_WARN_DEPRECATED_OBJC_IMPLEMENTATIONS = YES;
				CLANG_WARN_DIRECT_OBJC_ISA_USAGE = YES_ERROR;
				CLANG_WARN_DOCUMENTATION_COMMENTS = YES;
				CLANG_WARN_EMPTY_BODY = YES;
				CLANG_WARN_ENUM_CONVERSION = YES;
				CLANG_WARN_INFINITE_RECURSION = YES;
				CLANG_WARN_INT_CONVERSION = YES;
				CLANG_WARN_NON_LITERAL_NULL_CONVERSION = YES;
				CLANG_WARN_OBJC_IMPLICIT_RETAIN_SELF = YES;
				CLANG_WARN_OBJC_LITERAL_CONVERSION = YES;
				CLANG_WARN_OBJC_ROOT_CLASS = YES_ERROR;
				CLANG_WARN_RANGE_LOOP_ANALYSIS = YES;
				CLANG_WARN_STRICT_PROTOTYPES = YES;
				CLANG_WARN_SUSPICIOUS_MOVE = YES;
				CLANG_WARN_UNGUARDED_AVAILABILITY = YES_AGGRESSIVE;
				CLANG_WARN_UNREACHABLE_CODE = YES;
				CLANG_WARN__DUPLICATE_METHOD_MATCH = YES;
				CODE_SIGN_IDENTITY = "iPhone Developer";
				COPY_PHASE_STRIP = NO;
				DEBUG_INFORMATION_FORMAT = "dwarf-with-dsym";
				ENABLE_NS_ASSERTIONS = NO;
				ENABLE_STRICT_OBJC_MSGSEND = YES;
				GCC_C_LANGUAGE_STANDARD = gnu11;
				GCC_NO_COMMON_BLOCKS = YES;
				GCC_WARN_64_TO_32_BIT_CONVERSION = YES;
				GCC_WARN_ABOUT_RETURN_TYPE = YES_ERROR;
				GCC_WARN_UNDECLARED_SELECTOR = YES;
				GCC_WARN_UNINITIALIZED_AUTOS = YES_AGGRESSIVE;
				GCC_WARN_UNUSED_FUNCTION = YES;
				GCC_WARN_UNUSED_VARIABLE = YES;
				IPHONEOS_DEPLOYMENT_TARGET = 11.4;
				MTL_ENABLE_DEBUG_INFO = NO;
				SDKROOT = iphoneos;
				SWIFT_COMPILATION_MODE = wholemodule;
				SWIFT_OPTIMIZATION_LEVEL = "-O";
				VALIDATE_PRODUCT = YES;
			};
			name = Release;
		};
		B50FEEC1213DF1B8004798DE /* Debug */ = {
			isa = XCBuildConfiguration;
			buildSettings = {
				ASSETCATALOG_COMPILER_APPICON_NAME = AppIcon;
				CODE_SIGN_STYLE = Automatic;
				DEVELOPMENT_TEAM = JW5BGKCFV5;
				INFOPLIST_FILE = Convo/Info.plist;
				LD_RUNPATH_SEARCH_PATHS = (
					"$(inherited)",
					"@executable_path/Frameworks",
				);
				PRODUCT_BUNDLE_IDENTIFIER = EmmanuelOgbewe.Convo;
				PRODUCT_NAME = "$(TARGET_NAME)";
				SWIFT_VERSION = 4.0;
				TARGETED_DEVICE_FAMILY = "1,2";
			};
			name = Debug;
		};
		B50FEEC2213DF1B8004798DE /* Release */ = {
			isa = XCBuildConfiguration;
			buildSettings = {
				ASSETCATALOG_COMPILER_APPICON_NAME = AppIcon;
				CODE_SIGN_STYLE = Automatic;
				DEVELOPMENT_TEAM = JW5BGKCFV5;
				INFOPLIST_FILE = Convo/Info.plist;
				LD_RUNPATH_SEARCH_PATHS = (
					"$(inherited)",
					"@executable_path/Frameworks",
				);
				PRODUCT_BUNDLE_IDENTIFIER = EmmanuelOgbewe.Convo;
				PRODUCT_NAME = "$(TARGET_NAME)";
				SWIFT_VERSION = 4.0;
				TARGETED_DEVICE_FAMILY = "1,2";
			};
			name = Release;
		};
/* End XCBuildConfiguration section */

/* Begin XCConfigurationList section */
		B50FEEA6213DF1B6004798DE /* Build configuration list for PBXProject "Convo" */ = {
			isa = XCConfigurationList;
			buildConfigurations = (
				B50FEEBE213DF1B8004798DE /* Debug */,
				B50FEEBF213DF1B8004798DE /* Release */,
			);
			defaultConfigurationIsVisible = 0;
			defaultConfigurationName = Release;
		};
		B50FEEC0213DF1B8004798DE /* Build configuration list for PBXNativeTarget "Convo" */ = {
			isa = XCConfigurationList;
			buildConfigurations = (
				B50FEEC1213DF1B8004798DE /* Debug */,
				B50FEEC2213DF1B8004798DE /* Release */,
			);
			defaultConfigurationIsVisible = 0;
			defaultConfigurationName = Release;
		};
/* End XCConfigurationList section */

/* Begin XCVersionGroup section */
		B50FEEB5213DF1B6004798DE /* Convo.xcdatamodeld */ = {
			isa = XCVersionGroup;
			children = (
				B50FEEB6213DF1B6004798DE /* Convo.xcdatamodel */,
			);
			currentVersion = B50FEEB6213DF1B6004798DE /* Convo.xcdatamodel */;
			path = Convo.xcdatamodeld;
			sourceTree = "<group>";
			versionGroupType = wrapper.xcdatamodel;
		};
/* End XCVersionGroup section */
	};
	rootObject = B50FEEA3213DF1B6004798DE /* Project object */;
}
